// !$*UTF8*$!
{
	archiveVersion = 1;
	classes = {
	};
	objectVersion = 46;
	objects = {

/* Begin PBXBuildFile section */
		8D29B4161E309509002DBDF0 /* AppDelegate.swift in Sources */ = {isa = PBXBuildFile; fileRef = 8D29B4151E309509002DBDF0 /* AppDelegate.swift */; };
		8D29B4181E309509002DBDF0 /* ViewController.swift in Sources */ = {isa = PBXBuildFile; fileRef = 8D29B4171E309509002DBDF0 /* ViewController.swift */; };
		8D29B41B1E309509002DBDF0 /* Main.storyboard in Resources */ = {isa = PBXBuildFile; fileRef = 8D29B4191E309509002DBDF0 /* Main.storyboard */; };
		8D29B41D1E30950A002DBDF0 /* Assets.xcassets in Resources */ = {isa = PBXBuildFile; fileRef = 8D29B41C1E30950A002DBDF0 /* Assets.xcassets */; };
		8D29B4201E30950A002DBDF0 /* LaunchScreen.storyboard in Resources */ = {isa = PBXBuildFile; fileRef = 8D29B41E1E30950A002DBDF0 /* LaunchScreen.storyboard */; };
		8D29B4281E309680002DBDF0 /* reviewtableviewcontroller.swift in Sources */ = {isa = PBXBuildFile; fileRef = 8D29B4271E309680002DBDF0 /* reviewtableviewcontroller.swift */; };
/* End PBXBuildFile section */

/* Begin PBXFileReference section */
		8D29B4121E309509002DBDF0 /* Table Test.app */ = {isa = PBXFileReference; explicitFileType = wrapper.application; includeInIndex = 0; path = "Table Test.app"; sourceTree = BUILT_PRODUCTS_DIR; };
		8D29B4151E309509002DBDF0 /* AppDelegate.swift */ = {isa = PBXFileReference; lastKnownFileType = sourcecode.swift; path = AppDelegate.swift; sourceTree = "<group>"; };
		8D29B4171E309509002DBDF0 /* ViewController.swift */ = {isa = PBXFileReference; lastKnownFileType = sourcecode.swift; path = ViewController.swift; sourceTree = "<group>"; };
		8D29B41A1E309509002DBDF0 /* Base */ = {isa = PBXFileReference; lastKnownFileType = file.storyboard; name = Base; path = Base.lproj/Main.storyboard; sourceTree = "<group>"; };
		8D29B41C1E30950A002DBDF0 /* Assets.xcassets */ = {isa = PBXFileReference; lastKnownFileType = folder.assetcatalog; path = Assets.xcassets; sourceTree = "<group>"; };
		8D29B41F1E30950A002DBDF0 /* Base */ = {isa = PBXFileReference; lastKnownFileType = file.storyboard; name = Base; path = Base.lproj/LaunchScreen.storyboard; sourceTree = "<group>"; };
		8D29B4211E30950A002DBDF0 /* Info.plist */ = {isa = PBXFileReference; lastKnownFileType = text.plist.xml; path = Info.plist; sourceTree = "<group>"; };
		8D29B4271E309680002DBDF0 /* reviewtableviewcontroller.swift */ = {isa = PBXFileReference; fileEncoding = 4; lastKnownFileType = sourcecode.swift; path = reviewtableviewcontroller.swift; sourceTree = "<group>"; };
/* End PBXFileReference section */

/* Begin PBXFrameworksBuildPhase section */
		8D29B40F1E309509002DBDF0 /* Frameworks */ = {
			isa = PBXFrameworksBuildPhase;
			buildActionMask = 2147483647;
			files = (
			);
			runOnlyForDeploymentPostprocessing = 0;
		};
/* End PBXFrameworksBuildPhase section */

/* Begin PBXGroup section */
		8D29B4091E309509002DBDF0 = {
			isa = PBXGroup;
			children = (
				8D29B4141E309509002DBDF0 /* Table Test */,
				8D29B4131E309509002DBDF0 /* Products */,
			);
			sourceTree = "<group>";
		};
		8D29B4131E309509002DBDF0 /* Products */ = {
			isa = PBXGroup;
			children = (
				8D29B4121E309509002DBDF0 /* Table Test.app */,
			);
			name = Products;
			sourceTree = "<group>";
		};
		8D29B4141E309509002DBDF0 /* Table Test */ = {
			isa = PBXGroup;
			children = (
				8D29B4151E309509002DBDF0 /* AppDelegate.swift */,
				8D29B4171E309509002DBDF0 /* ViewController.swift */,
				8D29B4191E309509002DBDF0 /* Main.storyboard */,
				8D29B4271E309680002DBDF0 /* reviewtableviewcontroller.swift */,
				8D29B41C1E30950A002DBDF0 /* Assets.xcassets */,
				8D29B41E1E30950A002DBDF0 /* LaunchScreen.storyboard */,
				8D29B4211E30950A002DBDF0 /* Info.plist */,
			);
			path = "Table Test";
			sourceTree = "<group>";
		};
/* End PBXGroup section */

/* Begin PBXNativeTarget section */
		8D29B4111E309509002DBDF0 /* Table Test */ = {
			isa = PBXNativeTarget;
			buildConfigurationList = 8D29B4241E30950A002DBDF0 /* Build configuration list for PBXNativeTarget "Table Test" */;
			buildPhases = (
				8D29B40E1E309509002DBDF0 /* Sources */,
				8D29B40F1E309509002DBDF0 /* Frameworks */,
				8D29B4101E309509002DBDF0 /* Resources */,
			);
			buildRules = (
			);
			dependencies = (
			);
			name = "Table Test";
			productName = "Table Test";
			productReference = 8D29B4121E309509002DBDF0 /* Table Test.app */;
			productType = "com.apple.product-type.application";
		};
/* End PBXNativeTarget section */

/* Begin PBXProject section */
		8D29B40A1E309509002DBDF0 /* Project object */ = {
			isa = PBXProject;
			attributes = {
				LastSwiftUpdateCheck = 0820;
				LastUpgradeCheck = 0820;
				ORGANIZATIONNAME = a;
				TargetAttributes = {
					8D29B4111E309509002DBDF0 = {
						CreatedOnToolsVersion = 8.2.1;
						ProvisioningStyle = Automatic;
					};
				};
			};
			buildConfigurationList = 8D29B40D1E309509002DBDF0 /* Build configuration list for PBXProject "Table Test" */;
			compatibilityVersion = "Xcode 3.2";
			developmentRegion = English;
			hasScannedForEncodings = 0;
			knownRegions = (
				en,
				Base,
			);
			mainGroup = 8D29B4091E309509002DBDF0;
			productRefGroup = 8D29B4131E309509002DBDF0 /* Products */;
			projectDirPath = "";
			projectRoot = "";
			targets = (
				8D29B4111E309509002DBDF0 /* Table Test */,
			);
		};
/* End PBXProject section */

/* Begin PBXResourcesBuildPhase section */
		8D29B4101E309509002DBDF0 /* Resources */ = {
			isa = PBXResourcesBuildPhase;
			buildActionMask = 2147483647;
			files = (
				8D29B4201E30950A002DBDF0 /* LaunchScreen.storyboard in Resources */,
				8D29B41D1E30950A002DBDF0 /* Assets.xcassets in Resources */,
				8D29B41B1E309509002DBDF0 /* Main.storyboard in Resources */,
			);
			runOnlyForDeploymentPostprocessing = 0;
		};
/* End PBXResourcesBuildPhase section */

/* Begin PBXSourcesBuildPhase section */
		8D29B40E1E309509002DBDF0 /* Sources */ = {
			isa = PBXSourcesBuildPhase;
			buildActionMask = 2147483647;
			files = (
				8D29B4181E309509002DBDF0 /* ViewController.swift in Sources */,
				8D29B4161E309509002DBDF0 /* AppDelegate.swift in Sources */,
				8D29B4281E309680002DBDF0 /* reviewtableviewcontroller.swift in Sources */,
			);
			runOnlyForDeploymentPostprocessing = 0;
		};
/* End PBXSourcesBuildPhase section */

/* Begin PBXVariantGroup section */
		8D29B4191E309509002DBDF0 /* Main.storyboard */ = {
			isa = PBXVariantGroup;
			children = (
				8D29B41A1E309509002DBDF0 /* Base */,
			);
			name = Main.storyboard;
			sourceTree = "<group>";
		};
		8D29B41E1E30950A002DBDF0 /* LaunchScreen.storyboard */ = {
			isa = PBXVariantGroup;
			children = (
				8D29B41F1E30950A002DBDF0 /* Base */,
			);
			name = LaunchScreen.storyboard;
			sourceTree = "<group>";
		};
/* End PBXVariantGroup section */

/* Begin XCBuildConfiguration section */
		8D29B4221E30950A002DBDF0 /* Debug */ = {
			isa = XCBuildConfiguration;
			buildSettings = {
				ALWAYS_SEARCH_USER_PATHS = NO;
				CLANG_ANALYZER_NONNULL = YES;
				CLANG_CXX_LANGUAGE_STANDARD = "gnu++0x";
				CLANG_CXX_LIBRARY = "libc++";
				CLANG_ENABLE_MODULES = YES;
				CLANG_ENABLE_OBJC_ARC = YES;
				CLANG_WARN_BOOL_CONVERSION = YES;
				CLANG_WARN_CONSTANT_CONVERSION = YES;
				CLANG_WARN_DIRECT_OBJC_ISA_USAGE = YES_ERROR;
				CLANG_WARN_DOCUMENTATION_COMMENTS = YES;
				CLANG_WARN_EMPTY_BODY = YES;
				CLANG_WARN_ENUM_CONVERSION = YES;
				CLANG_WARN_INFINITE_RECURSION = YES;
				CLANG_WARN_INT_CONVERSION = YES;
				CLANG_WARN_OBJC_ROOT_CLASS = YES_ERROR;
				CLANG_WARN_SUSPICIOUS_MOVE = YES;
				CLANG_WARN_UNREACHABLE_CODE = YES;
				CLANG_WARN__DUPLICATE_METHOD_MATCH = YES;
				"CODE_SIGN_IDENTITY[sdk=iphoneos*]" = "iPhone Developer";
				COPY_PHASE_STRIP = NO;
				DEBUG_INFORMATION_FORMAT = dwarf;
				ENABLE_STRICT_OBJC_MSGSEND = YES;
				ENABLE_TESTABILITY = YES;
				GCC_C_LANGUAGE_STANDARD = gnu99;
				GCC_DYNAMIC_NO_PIC = NO;
				GCC_NO_COMMON_BLOCKS = YES;
				GCC_OPTIMIZATION_LEVEL = 0;
				GCC_PREPROCESSOR_DEFINITIONS = (
					"DEBUG=1",
					"$(inherited)",
				);
				GCC_WARN_64_TO_32_BIT_CONVERSION = YES;
				GCC_WARN_ABOUT_RETURN_TYPE = YES_ERROR;
				GCC_WARN_UNDECLARED_SELECTOR = YES;
				GCC_WARN_UNINITIALIZED_AUTOS = YES_AGGRESSIVE;
				GCC_WARN_UNUSED_FUNCTION = YES;
				GCC_WARN_UNUSED_VARIABLE = YES;
				IPHONEOS_DEPLOYMENT_TARGET = 10.2;
				MTL_ENABLE_DEBUG_INFO = YES;
				ONLY_ACTIVE_ARCH = YES;
				SDKROOT = iphoneos;
				SWIFT_ACTIVE_COMPILATION_CONDITIONS = DEBUG;
				SWIFT_OPTIMIZATION_LEVEL = "-Onone";
				TARGETED_DEVICE_FAMILY = "1,2";
			};
			name = Debug;
		};
		8D29B4231E30950A002DBDF0 /* Release */ = {
			isa = XCBuildConfiguration;
			buildSettings = {
				ALWAYS_SEARCH_USER_PATHS = NO;
				CLANG_ANALYZER_NONNULL = YES;
				CLANG_CXX_LANGUAGE_STANDARD = "gnu++0x";
				CLANG_CXX_LIBRARY = "libc++";
				CLANG_ENABLE_MODULES = YES;
				CLANG_ENABLE_OBJC_ARC = YES;
				CLANG_WARN_BOOL_CONVERSION = YES;
				CLANG_WARN_CONSTANT_CONVERSION = YES;
				CLANG_WARN_DIRECT_OBJC_ISA_USAGE = YES_ERROR;
				CLANG_WARN_DOCUMENTATION_COMMENTS = YES;
				CLANG_WARN_EMPTY_BODY = YES;
				CLANG_WARN_ENUM_CONVERSION = YES;
				CLANG_WARN_INFINITE_RECURSION = YES;
				CLANG_WARN_INT_CONVERSION = YES;
				CLANG_WARN_OBJC_ROOT_CLASS = YES_ERROR;
				CLANG_WARN_SUSPICIOUS_MOVE = YES;
				CLANG_WARN_UNREACHABLE_CODE = YES;
				CLANG_WARN__DUPLICATE_METHOD_MATCH = YES;
				"CODE_SIGN_IDENTITY[sdk=iphoneos*]" = "iPhone Developer";
				COPY_PHASE_STRIP = NO;
				DEBUG_INFORMATION_FORMAT = "dwarf-with-dsym";
				ENABLE_NS_ASSERTIONS = NO;
				ENABLE_STRICT_OBJC_MSGSEND = YES;
				GCC_C_LANGUAGE_STANDARD = gnu99;
				GCC_NO_COMMON_BLOCKS = YES;
				GCC_WARN_64_TO_32_BIT_CONVERSION = YES;
				GCC_WARN_ABOUT_RETURN_TYPE = YES_ERROR;
				GCC_WARN_UNDECLARED_SELECTOR = YES;
				GCC_WARN_UNINITIALIZED_AUTOS = YES_AGGRESSIVE;
				GCC_WARN_UNUSED_FUNCTION = YES;
				GCC_WARN_UNUSED_VARIABLE = YES;
				IPHONEOS_DEPLOYMENT_TARGET = 10.2;
				MTL_ENABLE_DEBUG_INFO = NO;
				SDKROOT = iphoneos;
				SWIFT_OPTIMIZATION_LEVEL = "-Owholemodule";
				TARGETED_DEVICE_FAMILY = "1,2";
				VALIDATE_PRODUCT = YES;
			};
			name = Release;
		};
		8D29B4251E30950A002DBDF0 /* Debug */ = {
			isa = XCBuildConfiguration;
			buildSettings = {
				ASSETCATALOG_COMPILER_APPICON_NAME = AppIcon;
				INFOPLIST_FILE = "Table Test/Info.plist";
				LD_RUNPATH_SEARCH_PATHS = "$(inherited) @executable_path/Frameworks";
				PRODUCT_BUNDLE_IDENTIFIER = "a.Table-Test";
				PRODUCT_NAME = "$(TARGET_NAME)";
				SWIFT_VERSION = 3.0;
			};
			name = Debug;
		};
		8D29B4261E30950A002DBDF0 /* Release */ = {
			isa = XCBuildConfiguration;
			buildSettings = {
				ASSETCATALOG_COMPILER_APPICON_NAME = AppIcon;
				INFOPLIST_FILE = "Table Test/Info.plist";
				LD_RUNPATH_SEARCH_PATHS = "$(inherited) @executable_path/Frameworks";
				PRODUCT_BUNDLE_IDENTIFIER = "a.Table-Test";
				PRODUCT_NAME = "$(TARGET_NAME)";
				SWIFT_VERSION = 3.0;
			};
			name = Release;
		};
/* End XCBuildConfiguration section */

/* Begin XCConfigurationList section */
		8D29B40D1E309509002DBDF0 /* Build configuration list for PBXProject "Table Test" */ = {
			isa = XCConfigurationList;
			buildConfigurations = (
				8D29B4221E30950A002DBDF0 /* Debug */,
				8D29B4231E30950A002DBDF0 /* Release */,
			);
			defaultConfigurationIsVisible = 0;
			defaultConfigurationName = Release;
		};
		8D29B4241E30950A002DBDF0 /* Build configuration list for PBXNativeTarget "Table Test" */ = {
			isa = XCConfigurationList;
			buildConfigurations = (
				8D29B4251E30950A002DBDF0 /* Debug */,
				8D29B4261E30950A002DBDF0 /* Release */,
			);
			defaultConfigurationIsVisible = 0;
		};
/* End XCConfigurationList section */
	};
	rootObject = 8D29B40A1E309509002DBDF0 /* Project object */;
}
